# This file is autogenerated, do not edit; changes may be undone by the next 'dep ensure'.


[[projects]]
  name = "github.com/BurntSushi/toml"
  packages = ["."]
  revision = "b26d9c308763d68093482582cea63d69be07a0f0"
  version = "v0.3.0"

[[projects]]
  branch = "master"
  name = "github.com/edsrzf/mmap-go"
  packages = ["."]
  revision = "0bce6a6887123b67a60366d2c9fe2dfb74289d2e"

[[projects]]
  name = "github.com/hanwen/go-fuse"
  packages = ["fuse","fuse/nodefs","fuse/pathfs","splice"]
  revision = "5690be47d614355a22931c129e1075c25a62e9ac"
  version = "v20170619"

[solve-meta]
  analyzer-name = "dep"
  analyzer-version = 1
  inputs-digest = "f722b91d95f2769c1d78815c7e03910241f7ea2a852c59523dfb692016df88c7"
  solver-name = "gps-cdcl"
  solver-version = 1
