# This file is autogenerated, do not edit; changes may be undone by the next 'dep ensure'.


[[projects]]
  name = "github.com/BurntSushi/toml"
  packages = ["."]
  revision = "b26d9c308763d68093482582cea63d69be07a0f0"
  version = "v0.3.0"

[[projects]]
  name = "github.com/hanwen/go-fuse"
  packages = ["fuse","fuse/nodefs","fuse/pathfs","splice"]
  revision = "5690be47d614355a22931c129e1075c25a62e9ac"
  version = "v20170619"

[solve-meta]
  analyzer-name = "dep"
  analyzer-version = 1
  inputs-digest = "f8fa27c386b7ebd7614c70bcef343337e74a0b0563093da48f4165ee48ca3cc3"
  solver-name = "gps-cdcl"
  solver-version = 1
